
Microsoft Visual Studio Solution File, Format Version 12.00
# Visual Studio 15
Project("{FAE04EC0-301F-11D3-BF4B-00C04F79EFBC}") = "ArrayList", "ArrayList\ArrayList.csproj", "{7403FA6C-78E2-46C0-B65C-5B89790A7936}"
EndProject
Global
	GlobalSection(SolutionConfigurationPlatforms) = preSolution
		Debug|Any CPU = Debug|Any CPU
		Release|Any CPU = Release|Any CPU
	EndGlobalSection
	GlobalSection(ProjectConfigurationPlatforms) = postSolution
		{7403FA6C-78E2-46C0-B65C-5B89790A7936}.Debug|Any CPU.ActiveCfg = Debug|Any CPU
		{7403FA6C-78E2-46C0-B65C-5B89790A7936}.Debug|Any CPU.Build.0 = Debug|Any CPU
		{7403FA6C-78E2-46C0-B65C-5B89790A7936}.Release|Any CPU.ActiveCfg = Release|Any CPU
		{7403FA6C-78E2-46C0-B65C-5B89790A7936}.Release|Any CPU.Build.0 = Release|Any CPU
	EndGlobalSection
EndGlobal
